// !$*UTF8*$!
{
	archiveVersion = 1;
	classes = {
	};
	objectVersion = 50;
	objects = {

/* Begin PBXBuildFile section */
		7B5BDD8D280ECF3E005BFBCF /* Enums.swift in Sources */ = {isa = PBXBuildFile; fileRef = 7B5BDD8C280ECF3E005BFBCF /* Enums.swift */; };
		7B76EFB527F5B6A800F82B3F /* CollectionViewCell.swift in Sources */ = {isa = PBXBuildFile; fileRef = 7B76EFB427F5B6A800F82B3F /* CollectionViewCell.swift */; };
		7B7BF8E427F623030014449A /* CollectionView.swift in Sources */ = {isa = PBXBuildFile; fileRef = 7B7BF8E327F623030014449A /* CollectionView.swift */; };
		C84CBE6027DB2CA9003905CE /* AppDelegate.swift in Sources */ = {isa = PBXBuildFile; fileRef = C84CBE5F27DB2CA9003905CE /* AppDelegate.swift */; };
		C84CBE6227DB2CA9003905CE /* SceneDelegate.swift in Sources */ = {isa = PBXBuildFile; fileRef = C84CBE6127DB2CA9003905CE /* SceneDelegate.swift */; };
		C84CBE6427DB2CA9003905CE /* ViewController.swift in Sources */ = {isa = PBXBuildFile; fileRef = C84CBE6327DB2CA9003905CE /* ViewController.swift */; };
		C84CBE6727DB2CA9003905CE /* Main.storyboard in Resources */ = {isa = PBXBuildFile; fileRef = C84CBE6527DB2CA9003905CE /* Main.storyboard */; };
		C84CBE6927DB2CAA003905CE /* Assets.xcassets in Resources */ = {isa = PBXBuildFile; fileRef = C84CBE6827DB2CAA003905CE /* Assets.xcassets */; };
		C84CBE6C27DB2CAA003905CE /* LaunchScreen.storyboard in Resources */ = {isa = PBXBuildFile; fileRef = C84CBE6A27DB2CAA003905CE /* LaunchScreen.storyboard */; };
		C84CBE7627DB3113003905CE /* CollectionViewController.swift in Sources */ = {isa = PBXBuildFile; fileRef = C84CBE7527DB3113003905CE /* CollectionViewController.swift */; };
		CE551BB2281812C200654E18 /* UIDrawView.swift in Sources */ = {isa = PBXBuildFile; fileRef = CE551BB1281812C200654E18 /* UIDrawView.swift */; };
/* End PBXBuildFile section */

/* Begin PBXFileReference section */
		7B5BDD8C280ECF3E005BFBCF /* Enums.swift */ = {isa = PBXFileReference; lastKnownFileType = sourcecode.swift; path = Enums.swift; sourceTree = "<group>"; };
		7B76EFB427F5B6A800F82B3F /* CollectionViewCell.swift */ = {isa = PBXFileReference; lastKnownFileType = sourcecode.swift; path = CollectionViewCell.swift; sourceTree = "<group>"; };
		7B7BF8E327F623030014449A /* CollectionView.swift */ = {isa = PBXFileReference; lastKnownFileType = sourcecode.swift; path = CollectionView.swift; sourceTree = "<group>"; };
		C84CBE5C27DB2CA9003905CE /* linxtTest.app */ = {isa = PBXFileReference; explicitFileType = wrapper.application; includeInIndex = 0; path = linxtTest.app; sourceTree = BUILT_PRODUCTS_DIR; };
		C84CBE5F27DB2CA9003905CE /* AppDelegate.swift */ = {isa = PBXFileReference; lastKnownFileType = sourcecode.swift; path = AppDelegate.swift; sourceTree = "<group>"; };
		C84CBE6127DB2CA9003905CE /* SceneDelegate.swift */ = {isa = PBXFileReference; lastKnownFileType = sourcecode.swift; path = SceneDelegate.swift; sourceTree = "<group>"; };
		C84CBE6327DB2CA9003905CE /* ViewController.swift */ = {isa = PBXFileReference; lastKnownFileType = sourcecode.swift; path = ViewController.swift; sourceTree = "<group>"; };
		C84CBE6627DB2CA9003905CE /* Base */ = {isa = PBXFileReference; lastKnownFileType = file.storyboard; name = Base; path = Base.lproj/Main.storyboard; sourceTree = "<group>"; };
		C84CBE6827DB2CAA003905CE /* Assets.xcassets */ = {isa = PBXFileReference; lastKnownFileType = folder.assetcatalog; path = Assets.xcassets; sourceTree = "<group>"; };
		C84CBE6B27DB2CAA003905CE /* Base */ = {isa = PBXFileReference; lastKnownFileType = file.storyboard; name = Base; path = Base.lproj/LaunchScreen.storyboard; sourceTree = "<group>"; };
		C84CBE6D27DB2CAA003905CE /* Info.plist */ = {isa = PBXFileReference; lastKnownFileType = text.plist.xml; path = Info.plist; sourceTree = "<group>"; };
		C84CBE7527DB3113003905CE /* CollectionViewController.swift */ = {isa = PBXFileReference; lastKnownFileType = sourcecode.swift; path = CollectionViewController.swift; sourceTree = "<group>"; };
		CE551BB1281812C200654E18 /* UIDrawView.swift */ = {isa = PBXFileReference; lastKnownFileType = sourcecode.swift; path = UIDrawView.swift; sourceTree = "<group>"; };
/* End PBXFileReference section */

/* Begin PBXFrameworksBuildPhase section */
		C84CBE5927DB2CA9003905CE /* Frameworks */ = {
			isa = PBXFrameworksBuildPhase;
			buildActionMask = 2147483647;
			files = (
			);
			runOnlyForDeploymentPostprocessing = 0;
		};
/* End PBXFrameworksBuildPhase section */

/* Begin PBXGroup section */
		C84CBE5327DB2CA9003905CE = {
			isa = PBXGroup;
			children = (
				C84CBE5E27DB2CA9003905CE /* linxtTest */,
				C84CBE5D27DB2CA9003905CE /* Products */,
			);
			sourceTree = "<group>";
		};
		C84CBE5D27DB2CA9003905CE /* Products */ = {
			isa = PBXGroup;
			children = (
				C84CBE5C27DB2CA9003905CE /* linxtTest.app */,
			);
			name = Products;
			sourceTree = "<group>";
		};
		C84CBE5E27DB2CA9003905CE /* linxtTest */ = {
			isa = PBXGroup;
			children = (
				CE551BB1281812C200654E18 /* UIDrawView.swift */,
				C84CBE5F27DB2CA9003905CE /* AppDelegate.swift */,
				C84CBE6127DB2CA9003905CE /* SceneDelegate.swift */,
				C84CBE6327DB2CA9003905CE /* ViewController.swift */,
				7B76EFB427F5B6A800F82B3F /* CollectionViewCell.swift */,
				7B5BDD8C280ECF3E005BFBCF /* Enums.swift */,
				C84CBE6527DB2CA9003905CE /* Main.storyboard */,
				7B7BF8E327F623030014449A /* CollectionView.swift */,
				C84CBE7527DB3113003905CE /* CollectionViewController.swift */,
				C84CBE6827DB2CAA003905CE /* Assets.xcassets */,
				C84CBE6A27DB2CAA003905CE /* LaunchScreen.storyboard */,
				C84CBE6D27DB2CAA003905CE /* Info.plist */,
			);
			path = linxtTest;
			sourceTree = "<group>";
		};
/* End PBXGroup section */

/* Begin PBXNativeTarget section */
		C84CBE5B27DB2CA9003905CE /* linxtTest */ = {
			isa = PBXNativeTarget;
			buildConfigurationList = C84CBE7027DB2CAA003905CE /* Build configuration list for PBXNativeTarget "linxtTest" */;
			buildPhases = (
				C84CBE5827DB2CA9003905CE /* Sources */,
				C84CBE5927DB2CA9003905CE /* Frameworks */,
				C84CBE5A27DB2CA9003905CE /* Resources */,
			);
			buildRules = (
			);
			dependencies = (
			);
			name = linxtTest;
			productName = linxtTest;
			productReference = C84CBE5C27DB2CA9003905CE /* linxtTest.app */;
			productType = "com.apple.product-type.application";
		};
/* End PBXNativeTarget section */

/* Begin PBXProject section */
		C84CBE5427DB2CA9003905CE /* Project object */ = {
			isa = PBXProject;
			attributes = {
				KnownAssetTags = (
					0,
					1,
				);
				LastSwiftUpdateCheck = 1250;
				LastUpgradeCheck = 1250;
				TargetAttributes = {
					C84CBE5B27DB2CA9003905CE = {
						CreatedOnToolsVersion = 12.5.1;
					};
				};
			};
			buildConfigurationList = C84CBE5727DB2CA9003905CE /* Build configuration list for PBXProject "linxtTest" */;
			compatibilityVersion = "Xcode 9.3";
			developmentRegion = en;
			hasScannedForEncodings = 0;
			knownRegions = (
				en,
				Base,
			);
			mainGroup = C84CBE5327DB2CA9003905CE;
			productRefGroup = C84CBE5D27DB2CA9003905CE /* Products */;
			projectDirPath = "";
			projectRoot = "";
			targets = (
				C84CBE5B27DB2CA9003905CE /* linxtTest */,
			);
		};
/* End PBXProject section */

/* Begin PBXResourcesBuildPhase section */
		C84CBE5A27DB2CA9003905CE /* Resources */ = {
			isa = PBXResourcesBuildPhase;
			buildActionMask = 2147483647;
			files = (
				C84CBE6C27DB2CAA003905CE /* LaunchScreen.storyboard in Resources */,
				C84CBE6927DB2CAA003905CE /* Assets.xcassets in Resources */,
				C84CBE6727DB2CA9003905CE /* Main.storyboard in Resources */,
			);
			runOnlyForDeploymentPostprocessing = 0;
		};
/* End PBXResourcesBuildPhase section */

/* Begin PBXSourcesBuildPhase section */
		C84CBE5827DB2CA9003905CE /* Sources */ = {
			isa = PBXSourcesBuildPhase;
			buildActionMask = 2147483647;
			files = (
				7B7BF8E427F623030014449A /* CollectionView.swift in Sources */,
				7B76EFB527F5B6A800F82B3F /* CollectionViewCell.swift in Sources */,
				CE551BB2281812C200654E18 /* UIDrawView.swift in Sources */,
				7B5BDD8D280ECF3E005BFBCF /* Enums.swift in Sources */,
				C84CBE7627DB3113003905CE /* CollectionViewController.swift in Sources */,
				C84CBE6427DB2CA9003905CE /* ViewController.swift in Sources */,
				C84CBE6027DB2CA9003905CE /* AppDelegate.swift in Sources */,
				C84CBE6227DB2CA9003905CE /* SceneDelegate.swift in Sources */,
			);
			runOnlyForDeploymentPostprocessing = 0;
		};
/* End PBXSourcesBuildPhase section */

/* Begin PBXVariantGroup section */
		C84CBE6527DB2CA9003905CE /* Main.storyboard */ = {
			isa = PBXVariantGroup;
			children = (
				C84CBE6627DB2CA9003905CE /* Base */,
			);
			name = Main.storyboard;
			sourceTree = "<group>";
		};
		C84CBE6A27DB2CAA003905CE /* LaunchScreen.storyboard */ = {
			isa = PBXVariantGroup;
			children = (
				C84CBE6B27DB2CAA003905CE /* Base */,
			);
			name = LaunchScreen.storyboard;
			sourceTree = "<group>";
		};
/* End PBXVariantGroup section */

/* Begin XCBuildConfiguration section */
		C84CBE6E27DB2CAA003905CE /* Debug */ = {
			isa = XCBuildConfiguration;
			buildSettings = {
				ALWAYS_SEARCH_USER_PATHS = NO;
				CLANG_ANALYZER_NONNULL = YES;
				CLANG_ANALYZER_NUMBER_OBJECT_CONVERSION = YES_AGGRESSIVE;
				CLANG_CXX_LANGUAGE_STANDARD = "gnu++14";
				CLANG_CXX_LIBRARY = "libc++";
				CLANG_ENABLE_MODULES = YES;
				CLANG_ENABLE_OBJC_ARC = YES;
				CLANG_ENABLE_OBJC_WEAK = YES;
				CLANG_WARN_BLOCK_CAPTURE_AUTORELEASING = YES;
				CLANG_WARN_BOOL_CONVERSION = YES;
				CLANG_WARN_COMMA = YES;
				CLANG_WARN_CONSTANT_CONVERSION = YES;
				CLANG_WARN_DEPRECATED_OBJC_IMPLEMENTATIONS = YES;
				CLANG_WARN_DIRECT_OBJC_ISA_USAGE = YES_ERROR;
				CLANG_WARN_DOCUMENTATION_COMMENTS = YES;
				CLANG_WARN_EMPTY_BODY = YES;
				CLANG_WARN_ENUM_CONVERSION = YES;
				CLANG_WARN_INFINITE_RECURSION = YES;
				CLANG_WARN_INT_CONVERSION = YES;
				CLANG_WARN_NON_LITERAL_NULL_CONVERSION = YES;
				CLANG_WARN_OBJC_IMPLICIT_RETAIN_SELF = YES;
				CLANG_WARN_OBJC_LITERAL_CONVERSION = YES;
				CLANG_WARN_OBJC_ROOT_CLASS = YES_ERROR;
				CLANG_WARN_QUOTED_INCLUDE_IN_FRAMEWORK_HEADER = YES;
				CLANG_WARN_RANGE_LOOP_ANALYSIS = YES;
				CLANG_WARN_STRICT_PROTOTYPES = YES;
				CLANG_WARN_SUSPICIOUS_MOVE = YES;
				CLANG_WARN_UNGUARDED_AVAILABILITY = YES_AGGRESSIVE;
				CLANG_WARN_UNREACHABLE_CODE = YES;
				CLANG_WARN__DUPLICATE_METHOD_MATCH = YES;
				COPY_PHASE_STRIP = NO;
				DEBUG_INFORMATION_FORMAT = dwarf;
				ENABLE_STRICT_OBJC_MSGSEND = YES;
				ENABLE_TESTABILITY = YES;
				GCC_C_LANGUAGE_STANDARD = gnu11;
				GCC_DYNAMIC_NO_PIC = NO;
				GCC_NO_COMMON_BLOCKS = YES;
				GCC_OPTIMIZATION_LEVEL = 0;
				GCC_PREPROCESSOR_DEFINITIONS = (
					"DEBUG=1",
					"$(inherited)",
				);
				GCC_WARN_64_TO_32_BIT_CONVERSION = YES;
				GCC_WARN_ABOUT_RETURN_TYPE = YES_ERROR;
				GCC_WARN_UNDECLARED_SELECTOR = YES;
				GCC_WARN_UNINITIALIZED_AUTOS = YES_AGGRESSIVE;
				GCC_WARN_UNUSED_FUNCTION = YES;
				GCC_WARN_UNUSED_VARIABLE = YES;
				IPHONEOS_DEPLOYMENT_TARGET = 14.5;
				MTL_ENABLE_DEBUG_INFO = INCLUDE_SOURCE;
				MTL_FAST_MATH = YES;
				ONLY_ACTIVE_ARCH = YES;
				SDKROOT = iphoneos;
				SWIFT_ACTIVE_COMPILATION_CONDITIONS = DEBUG;
				SWIFT_OPTIMIZATION_LEVEL = "-Onone";
			};
			name = Debug;
		};
		C84CBE6F27DB2CAA003905CE /* Release */ = {
			isa = XCBuildConfiguration;
			buildSettings = {
				ALWAYS_SEARCH_USER_PATHS = NO;
				CLANG_ANALYZER_NONNULL = YES;
				CLANG_ANALYZER_NUMBER_OBJECT_CONVERSION = YES_AGGRESSIVE;
				CLANG_CXX_LANGUAGE_STANDARD = "gnu++14";
				CLANG_CXX_LIBRARY = "libc++";
				CLANG_ENABLE_MODULES = YES;
				CLANG_ENABLE_OBJC_ARC = YES;
				CLANG_ENABLE_OBJC_WEAK = YES;
				CLANG_WARN_BLOCK_CAPTURE_AUTORELEASING = YES;
				CLANG_WARN_BOOL_CONVERSION = YES;
				CLANG_WARN_COMMA = YES;
				CLANG_WARN_CONSTANT_CONVERSION = YES;
				CLANG_WARN_DEPRECATED_OBJC_IMPLEMENTATIONS = YES;
				CLANG_WARN_DIRECT_OBJC_ISA_USAGE = YES_ERROR;
				CLANG_WARN_DOCUMENTATION_COMMENTS = YES;
				CLANG_WARN_EMPTY_BODY = YES;
				CLANG_WARN_ENUM_CONVERSION = YES;
				CLANG_WARN_INFINITE_RECURSION = YES;
				CLANG_WARN_INT_CONVERSION = YES;
				CLANG_WARN_NON_LITERAL_NULL_CONVERSION = YES;
				CLANG_WARN_OBJC_IMPLICIT_RETAIN_SELF = YES;
				CLANG_WARN_OBJC_LITERAL_CONVERSION = YES;
				CLANG_WARN_OBJC_ROOT_CLASS = YES_ERROR;
				CLANG_WARN_QUOTED_INCLUDE_IN_FRAMEWORK_HEADER = YES;
				CLANG_WARN_RANGE_LOOP_ANALYSIS = YES;
				CLANG_WARN_STRICT_PROTOTYPES = YES;
				CLANG_WARN_SUSPICIOUS_MOVE = YES;
				CLANG_WARN_UNGUARDED_AVAILABILITY = YES_AGGRESSIVE;
				CLANG_WARN_UNREACHABLE_CODE = YES;
				CLANG_WARN__DUPLICATE_METHOD_MATCH = YES;
				COPY_PHASE_STRIP = NO;
				DEBUG_INFORMATION_FORMAT = "dwarf-with-dsym";
				ENABLE_NS_ASSERTIONS = NO;
				ENABLE_STRICT_OBJC_MSGSEND = YES;
				GCC_C_LANGUAGE_STANDARD = gnu11;
				GCC_NO_COMMON_BLOCKS = YES;
				GCC_WARN_64_TO_32_BIT_CONVERSION = YES;
				GCC_WARN_ABOUT_RETURN_TYPE = YES_ERROR;
				GCC_WARN_UNDECLARED_SELECTOR = YES;
				GCC_WARN_UNINITIALIZED_AUTOS = YES_AGGRESSIVE;
				GCC_WARN_UNUSED_FUNCTION = YES;
				GCC_WARN_UNUSED_VARIABLE = YES;
				IPHONEOS_DEPLOYMENT_TARGET = 14.5;
				MTL_ENABLE_DEBUG_INFO = NO;
				MTL_FAST_MATH = YES;
				SDKROOT = iphoneos;
				SWIFT_COMPILATION_MODE = wholemodule;
				SWIFT_OPTIMIZATION_LEVEL = "-O";
				VALIDATE_PRODUCT = YES;
			};
			name = Release;
		};
		C84CBE7127DB2CAA003905CE /* Debug */ = {
			isa = XCBuildConfiguration;
			buildSettings = {
				ASSETCATALOG_COMPILER_APPICON_NAME = AppIcon;
				ASSETCATALOG_COMPILER_GLOBAL_ACCENT_COLOR_NAME = AccentColor;
				CODE_SIGN_STYLE = Automatic;
				INFOPLIST_FILE = linxtTest/Info.plist;
				LD_RUNPATH_SEARCH_PATHS = (
					"$(inherited)",
					"@executable_path/Frameworks",
				);
				PRODUCT_BUNDLE_IDENTIFIER = at.htl.linxtTest;
				PRODUCT_NAME = "$(TARGET_NAME)";
				SWIFT_VERSION = 5.0;
				TARGETED_DEVICE_FAMILY = "1,2";
			};
			name = Debug;
		};
		C84CBE7227DB2CAA003905CE /* Release */ = {
			isa = XCBuildConfiguration;
			buildSettings = {
				ASSETCATALOG_COMPILER_APPICON_NAME = AppIcon;
				ASSETCATALOG_COMPILER_GLOBAL_ACCENT_COLOR_NAME = AccentColor;
				CODE_SIGN_STYLE = Automatic;
				INFOPLIST_FILE = linxtTest/Info.plist;
				LD_RUNPATH_SEARCH_PATHS = (
					"$(inherited)",
					"@executable_path/Frameworks",
				);
				PRODUCT_BUNDLE_IDENTIFIER = at.htl.linxtTest;
				PRODUCT_NAME = "$(TARGET_NAME)";
				SWIFT_VERSION = 5.0;
				TARGETED_DEVICE_FAMILY = "1,2";
			};
			name = Release;
		};
/* End XCBuildConfiguration section */

/* Begin XCConfigurationList section */
		C84CBE5727DB2CA9003905CE /* Build configuration list for PBXProject "linxtTest" */ = {
			isa = XCConfigurationList;
			buildConfigurations = (
				C84CBE6E27DB2CAA003905CE /* Debug */,
				C84CBE6F27DB2CAA003905CE /* Release */,
			);
			defaultConfigurationIsVisible = 0;
			defaultConfigurationName = Release;
		};
		C84CBE7027DB2CAA003905CE /* Build configuration list for PBXNativeTarget "linxtTest" */ = {
			isa = XCConfigurationList;
			buildConfigurations = (
				C84CBE7127DB2CAA003905CE /* Debug */,
				C84CBE7227DB2CAA003905CE /* Release */,
			);
			defaultConfigurationIsVisible = 0;
			defaultConfigurationName = Release;
		};
/* End XCConfigurationList section */
	};
	rootObject = C84CBE5427DB2CA9003905CE /* Project object */;
}
